// !$*UTF8*$!
{
	archiveVersion = 1;
	classes = {
	};
	objectVersion = 46;
	objects = {

/* Begin PBXBuildFile section */
		1A4071BF185C3D9F00192B45 /* PopUpViewController_iPad.xib in Resources */ = {isa = PBXBuildFile; fileRef = 1A4071BE185C3D9F00192B45 /* PopUpViewController_iPad.xib */; };
		1A9A5F6B1856426800FD9455 /* typpzdemo.png in Resources */ = {isa = PBXBuildFile; fileRef = 1A9A5F691856426800FD9455 /* typpzdemo.png */; };
		1A9A5F6C1856426800FD9455 /* typpzdemo@2x.png in Resources */ = {isa = PBXBuildFile; fileRef = 1A9A5F6A1856426800FD9455 /* typpzdemo@2x.png */; };
		1AFA6B7B18561242003C622E /* Foundation.framework in Frameworks */ = {isa = PBXBuildFile; fileRef = 1AFA6B7A18561242003C622E /* Foundation.framework */; };
		1AFA6B7D18561242003C622E /* CoreGraphics.framework in Frameworks */ = {isa = PBXBuildFile; fileRef = 1AFA6B7C18561242003C622E /* CoreGraphics.framework */; };
		1AFA6B7F18561242003C622E /* UIKit.framework in Frameworks */ = {isa = PBXBuildFile; fileRef = 1AFA6B7E18561242003C622E /* UIKit.framework */; };
		1AFA6B8518561242003C622E /* InfoPlist.strings in Resources */ = {isa = PBXBuildFile; fileRef = 1AFA6B8318561242003C622E /* InfoPlist.strings */; };
		1AFA6B8718561242003C622E /* main.m in Sources */ = {isa = PBXBuildFile; fileRef = 1AFA6B8618561242003C622E /* main.m */; };
		1AFA6B8B18561242003C622E /* AppDelegate.m in Sources */ = {isa = PBXBuildFile; fileRef = 1AFA6B8A18561242003C622E /* AppDelegate.m */; };
		1AFA6B8E18561242003C622E /* Main.storyboard in Resources */ = {isa = PBXBuildFile; fileRef = 1AFA6B8C18561242003C622E /* Main.storyboard */; };
		1AFA6B9118561242003C622E /* ViewController.m in Sources */ = {isa = PBXBuildFile; fileRef = 1AFA6B9018561242003C622E /* ViewController.m */; };
		1AFA6B9318561242003C622E /* Images.xcassets in Resources */ = {isa = PBXBuildFile; fileRef = 1AFA6B9218561242003C622E /* Images.xcassets */; };
		1AFA6B9A18561243003C622E /* XCTest.framework in Frameworks */ = {isa = PBXBuildFile; fileRef = 1AFA6B9918561243003C622E /* XCTest.framework */; };
		1AFA6B9B18561243003C622E /* Foundation.framework in Frameworks */ = {isa = PBXBuildFile; fileRef = 1AFA6B7A18561242003C622E /* Foundation.framework */; };
		1AFA6B9C18561243003C622E /* UIKit.framework in Frameworks */ = {isa = PBXBuildFile; fileRef = 1AFA6B7E18561242003C622E /* UIKit.framework */; };
		1AFA6BA418561243003C622E /* InfoPlist.strings in Resources */ = {isa = PBXBuildFile; fileRef = 1AFA6BA218561243003C622E /* InfoPlist.strings */; };
		1AFA6BA618561243003C622E /* NMPopUpViewTests.m in Sources */ = {isa = PBXBuildFile; fileRef = 1AFA6BA518561243003C622E /* NMPopUpViewTests.m */; };
		1AFA6BB018561253003C622E /* QuartzCore.framework in Frameworks */ = {isa = PBXBuildFile; fileRef = 1AFA6BAF18561253003C622E /* QuartzCore.framework */; };
		1AFA6BB4185612AF003C622E /* PopUpViewController.m in Sources */ = {isa = PBXBuildFile; fileRef = 1AFA6BB2185612AF003C622E /* PopUpViewController.m */; };
		1AFA6BB5185612AF003C622E /* PopUpViewController.xib in Resources */ = {isa = PBXBuildFile; fileRef = 1AFA6BB3185612AF003C622E /* PopUpViewController.xib */; };
/* End PBXBuildFile section */

/* Begin PBXContainerItemProxy section */
		1AFA6B9D18561243003C622E /* PBXContainerItemProxy */ = {
			isa = PBXContainerItemProxy;
			containerPortal = 1AFA6B6F18561242003C622E /* Project object */;
			proxyType = 1;
			remoteGlobalIDString = 1AFA6B7618561242003C622E;
			remoteInfo = NMPopUpView;
		};
/* End PBXContainerItemProxy section */

/* Begin PBXFileReference section */
		1A4071BE185C3D9F00192B45 /* PopUpViewController_iPad.xib */ = {isa = PBXFileReference; fileEncoding = 4; lastKnownFileType = file.xib; path = PopUpViewController_iPad.xib; sourceTree = "<group>"; };
		1A9A5F691856426800FD9455 /* typpzdemo.png */ = {isa = PBXFileReference; lastKnownFileType = image.png; path = typpzdemo.png; sourceTree = "<group>"; };
		1A9A5F6A1856426800FD9455 /* typpzdemo@2x.png */ = {isa = PBXFileReference; lastKnownFileType = image.png; path = "typpzdemo@2x.png"; sourceTree = "<group>"; };
		1AFA6B7718561242003C622E /* NMPopUpView.app */ = {isa = PBXFileReference; explicitFileType = wrapper.application; includeInIndex = 0; path = NMPopUpView.app; sourceTree = BUILT_PRODUCTS_DIR; };
		1AFA6B7A18561242003C622E /* Foundation.framework */ = {isa = PBXFileReference; lastKnownFileType = wrapper.framework; name = Foundation.framework; path = System/Library/Frameworks/Foundation.framework; sourceTree = SDKROOT; };
		1AFA6B7C18561242003C622E /* CoreGraphics.framework */ = {isa = PBXFileReference; lastKnownFileType = wrapper.framework; name = CoreGraphics.framework; path = System/Library/Frameworks/CoreGraphics.framework; sourceTree = SDKROOT; };
		1AFA6B7E18561242003C622E /* UIKit.framework */ = {isa = PBXFileReference; lastKnownFileType = wrapper.framework; name = UIKit.framework; path = System/Library/Frameworks/UIKit.framework; sourceTree = SDKROOT; };
		1AFA6B8218561242003C622E /* NMPopUpView-Info.plist */ = {isa = PBXFileReference; lastKnownFileType = text.plist.xml; path = "NMPopUpView-Info.plist"; sourceTree = "<group>"; };
		1AFA6B8418561242003C622E /* en */ = {isa = PBXFileReference; lastKnownFileType = text.plist.strings; name = en; path = en.lproj/InfoPlist.strings; sourceTree = "<group>"; };
		1AFA6B8618561242003C622E /* main.m */ = {isa = PBXFileReference; lastKnownFileType = sourcecode.c.objc; path = main.m; sourceTree = "<group>"; };
		1AFA6B8818561242003C622E /* NMPopUpView-Prefix.pch */ = {isa = PBXFileReference; lastKnownFileType = sourcecode.c.h; path = "NMPopUpView-Prefix.pch"; sourceTree = "<group>"; };
		1AFA6B8918561242003C622E /* AppDelegate.h */ = {isa = PBXFileReference; lastKnownFileType = sourcecode.c.h; path = AppDelegate.h; sourceTree = "<group>"; };
		1AFA6B8A18561242003C622E /* AppDelegate.m */ = {isa = PBXFileReference; lastKnownFileType = sourcecode.c.objc; path = AppDelegate.m; sourceTree = "<group>"; };
		1AFA6B8D18561242003C622E /* Base */ = {isa = PBXFileReference; lastKnownFileType = file.storyboard; name = Base; path = Base.lproj/Main.storyboard; sourceTree = "<group>"; };
		1AFA6B8F18561242003C622E /* ViewController.h */ = {isa = PBXFileReference; lastKnownFileType = sourcecode.c.h; path = ViewController.h; sourceTree = "<group>"; };
		1AFA6B9018561242003C622E /* ViewController.m */ = {isa = PBXFileReference; lastKnownFileType = sourcecode.c.objc; path = ViewController.m; sourceTree = "<group>"; };
		1AFA6B9218561242003C622E /* Images.xcassets */ = {isa = PBXFileReference; lastKnownFileType = folder.assetcatalog; path = Images.xcassets; sourceTree = "<group>"; };
		1AFA6B9818561243003C622E /* NMPopUpViewTests.xctest */ = {isa = PBXFileReference; explicitFileType = wrapper.cfbundle; includeInIndex = 0; path = NMPopUpViewTests.xctest; sourceTree = BUILT_PRODUCTS_DIR; };
		1AFA6B9918561243003C622E /* XCTest.framework */ = {isa = PBXFileReference; lastKnownFileType = wrapper.framework; name = XCTest.framework; path = Library/Frameworks/XCTest.framework; sourceTree = DEVELOPER_DIR; };
		1AFA6BA118561243003C622E /* NMPopUpViewTests-Info.plist */ = {isa = PBXFileReference; lastKnownFileType = text.plist.xml; path = "NMPopUpViewTests-Info.plist"; sourceTree = "<group>"; };
		1AFA6BA318561243003C622E /* en */ = {isa = PBXFileReference; lastKnownFileType = text.plist.strings; name = en; path = en.lproj/InfoPlist.strings; sourceTree = "<group>"; };
		1AFA6BA518561243003C622E /* NMPopUpViewTests.m */ = {isa = PBXFileReference; lastKnownFileType = sourcecode.c.objc; path = NMPopUpViewTests.m; sourceTree = "<group>"; };
		1AFA6BAF18561253003C622E /* QuartzCore.framework */ = {isa = PBXFileReference; lastKnownFileType = wrapper.framework; name = QuartzCore.framework; path = System/Library/Frameworks/QuartzCore.framework; sourceTree = SDKROOT; };
		1AFA6BB1185612AF003C622E /* PopUpViewController.h */ = {isa = PBXFileReference; fileEncoding = 4; lastKnownFileType = sourcecode.c.h; path = PopUpViewController.h; sourceTree = "<group>"; };
		1AFA6BB2185612AF003C622E /* PopUpViewController.m */ = {isa = PBXFileReference; fileEncoding = 4; lastKnownFileType = sourcecode.c.objc; path = PopUpViewController.m; sourceTree = "<group>"; };
		1AFA6BB3185612AF003C622E /* PopUpViewController.xib */ = {isa = PBXFileReference; fileEncoding = 4; lastKnownFileType = file.xib; path = PopUpViewController.xib; sourceTree = "<group>"; };
/* End PBXFileReference section */

/* Begin PBXFrameworksBuildPhase section */
		1AFA6B7418561242003C622E /* Frameworks */ = {
			isa = PBXFrameworksBuildPhase;
			buildActionMask = 2147483647;
			files = (
				1AFA6BB018561253003C622E /* QuartzCore.framework in Frameworks */,
				1AFA6B7D18561242003C622E /* CoreGraphics.framework in Frameworks */,
				1AFA6B7F18561242003C622E /* UIKit.framework in Frameworks */,
				1AFA6B7B18561242003C622E /* Foundation.framework in Frameworks */,
			);
			runOnlyForDeploymentPostprocessing = 0;
		};
		1AFA6B9518561243003C622E /* Frameworks */ = {
			isa = PBXFrameworksBuildPhase;
			buildActionMask = 2147483647;
			files = (
				1AFA6B9A18561243003C622E /* XCTest.framework in Frameworks */,
				1AFA6B9C18561243003C622E /* UIKit.framework in Frameworks */,
				1AFA6B9B18561243003C622E /* Foundation.framework in Frameworks */,
			);
			runOnlyForDeploymentPostprocessing = 0;
		};
/* End PBXFrameworksBuildPhase section */

/* Begin PBXGroup section */
		1A4071C0185C3DAB00192B45 /* NMPopUpViewController */ = {
			isa = PBXGroup;
			children = (
				1AFA6BB1185612AF003C622E /* PopUpViewController.h */,
				1AFA6BB2185612AF003C622E /* PopUpViewController.m */,
				1AFA6BB3185612AF003C622E /* PopUpViewController.xib */,
				1AD47B61185C39300094231C /* iPad */,
			);
			name = NMPopUpViewController;
			sourceTree = "<group>";
		};
		1A9A5F681856425300FD9455 /* images */ = {
			isa = PBXGroup;
			children = (
				1A9A5F691856426800FD9455 /* typpzdemo.png */,
				1A9A5F6A1856426800FD9455 /* typpzdemo@2x.png */,
			);
			name = images;
			sourceTree = "<group>";
		};
		1AD47B61185C39300094231C /* iPad */ = {
			isa = PBXGroup;
			children = (
				1A4071BE185C3D9F00192B45 /* PopUpViewController_iPad.xib */,
			);
			name = iPad;
			sourceTree = "<group>";
		};
		1AFA6B6E18561242003C622E = {
			isa = PBXGroup;
			children = (
				1AFA6B8018561242003C622E /* NMPopUpView */,
				1AFA6B9F18561243003C622E /* NMPopUpViewTests */,
				1AFA6B7918561242003C622E /* Frameworks */,
				1AFA6B7818561242003C622E /* Products */,
			);
			sourceTree = "<group>";
		};
		1AFA6B7818561242003C622E /* Products */ = {
			isa = PBXGroup;
			children = (
				1AFA6B7718561242003C622E /* NMPopUpView.app */,
				1AFA6B9818561243003C622E /* NMPopUpViewTests.xctest */,
			);
			name = Products;
			sourceTree = "<group>";
		};
		1AFA6B7918561242003C622E /* Frameworks */ = {
			isa = PBXGroup;
			children = (
				1AFA6BAF18561253003C622E /* QuartzCore.framework */,
				1AFA6B7A18561242003C622E /* Foundation.framework */,
				1AFA6B7C18561242003C622E /* CoreGraphics.framework */,
				1AFA6B7E18561242003C622E /* UIKit.framework */,
				1AFA6B9918561243003C622E /* XCTest.framework */,
			);
			name = Frameworks;
			sourceTree = "<group>";
		};
		1AFA6B8018561242003C622E /* NMPopUpView */ = {
			isa = PBXGroup;
			children = (
				1A4071C0185C3DAB00192B45 /* NMPopUpViewController */,
				1A9A5F681856425300FD9455 /* images */,
				1AFA6B8918561242003C622E /* AppDelegate.h */,
				1AFA6B8A18561242003C622E /* AppDelegate.m */,
				1AFA6B8C18561242003C622E /* Main.storyboard */,
				1AFA6B8F18561242003C622E /* ViewController.h */,
				1AFA6B9018561242003C622E /* ViewController.m */,
				1AFA6B9218561242003C622E /* Images.xcassets */,
				1AFA6B8118561242003C622E /* Supporting Files */,
			);
			path = NMPopUpView;
			sourceTree = "<group>";
		};
		1AFA6B8118561242003C622E /* Supporting Files */ = {
			isa = PBXGroup;
			children = (
				1AFA6B8218561242003C622E /* NMPopUpView-Info.plist */,
				1AFA6B8318561242003C622E /* InfoPlist.strings */,
				1AFA6B8618561242003C622E /* main.m */,
				1AFA6B8818561242003C622E /* NMPopUpView-Prefix.pch */,
			);
			name = "Supporting Files";
			sourceTree = "<group>";
		};
		1AFA6B9F18561243003C622E /* NMPopUpViewTests */ = {
			isa = PBXGroup;
			children = (
				1AFA6BA518561243003C622E /* NMPopUpViewTests.m */,
				1AFA6BA018561243003C622E /* Supporting Files */,
			);
			path = NMPopUpViewTests;
			sourceTree = "<group>";
		};
		1AFA6BA018561243003C622E /* Supporting Files */ = {
			isa = PBXGroup;
			children = (
				1AFA6BA118561243003C622E /* NMPopUpViewTests-Info.plist */,
				1AFA6BA218561243003C622E /* InfoPlist.strings */,
			);
			name = "Supporting Files";
			sourceTree = "<group>";
		};
/* End PBXGroup section */

/* Begin PBXNativeTarget section */
		1AFA6B7618561242003C622E /* NMPopUpView */ = {
			isa = PBXNativeTarget;
			buildConfigurationList = 1AFA6BA918561243003C622E /* Build configuration list for PBXNativeTarget "NMPopUpView" */;
			buildPhases = (
				1AFA6B7318561242003C622E /* Sources */,
				1AFA6B7418561242003C622E /* Frameworks */,
				1AFA6B7518561242003C622E /* Resources */,
			);
			buildRules = (
			);
			dependencies = (
			);
			name = NMPopUpView;
			productName = NMPopUpView;
			productReference = 1AFA6B7718561242003C622E /* NMPopUpView.app */;
			productType = "com.apple.product-type.application";
		};
		1AFA6B9718561243003C622E /* NMPopUpViewTests */ = {
			isa = PBXNativeTarget;
			buildConfigurationList = 1AFA6BAC18561243003C622E /* Build configuration list for PBXNativeTarget "NMPopUpViewTests" */;
			buildPhases = (
				1AFA6B9418561243003C622E /* Sources */,
				1AFA6B9518561243003C622E /* Frameworks */,
				1AFA6B9618561243003C622E /* Resources */,
			);
			buildRules = (
			);
			dependencies = (
				1AFA6B9E18561243003C622E /* PBXTargetDependency */,
			);
			name = NMPopUpViewTests;
			productName = NMPopUpViewTests;
			productReference = 1AFA6B9818561243003C622E /* NMPopUpViewTests.xctest */;
			productType = "com.apple.product-type.bundle.unit-test";
		};
/* End PBXNativeTarget section */

/* Begin PBXProject section */
		1AFA6B6F18561242003C622E /* Project object */ = {
			isa = PBXProject;
			attributes = {
				LastUpgradeCheck = 0500;
				ORGANIZATIONNAME = "Nikos Maounis";
				TargetAttributes = {
					1AFA6B9718561243003C622E = {
						TestTargetID = 1AFA6B7618561242003C622E;
					};
				};
			};
			buildConfigurationList = 1AFA6B7218561242003C622E /* Build configuration list for PBXProject "NMPopUpView" */;
			compatibilityVersion = "Xcode 3.2";
			developmentRegion = English;
			hasScannedForEncodings = 0;
			knownRegions = (
				en,
				Base,
			);
			mainGroup = 1AFA6B6E18561242003C622E;
			productRefGroup = 1AFA6B7818561242003C622E /* Products */;
			projectDirPath = "";
			projectRoot = "";
			targets = (
				1AFA6B7618561242003C622E /* NMPopUpView */,
				1AFA6B9718561243003C622E /* NMPopUpViewTests */,
			);
		};
/* End PBXProject section */

/* Begin PBXResourcesBuildPhase section */
		1AFA6B7518561242003C622E /* Resources */ = {
			isa = PBXResourcesBuildPhase;
			buildActionMask = 2147483647;
			files = (
				1AFA6B9318561242003C622E /* Images.xcassets in Resources */,
				1AFA6B8518561242003C622E /* InfoPlist.strings in Resources */,
				1AFA6B8E18561242003C622E /* Main.storyboard in Resources */,
				1A9A5F6B1856426800FD9455 /* typpzdemo.png in Resources */,
				1A4071BF185C3D9F00192B45 /* PopUpViewController_iPad.xib in Resources */,
				1AFA6BB5185612AF003C622E /* PopUpViewController.xib in Resources */,
				1A9A5F6C1856426800FD9455 /* typpzdemo@2x.png in Resources */,
			);
			runOnlyForDeploymentPostprocessing = 0;
		};
		1AFA6B9618561243003C622E /* Resources */ = {
			isa = PBXResourcesBuildPhase;
			buildActionMask = 2147483647;
			files = (
				1AFA6BA418561243003C622E /* InfoPlist.strings in Resources */,
			);
			runOnlyForDeploymentPostprocessing = 0;
		};
/* End PBXResourcesBuildPhase section */

/* Begin PBXSourcesBuildPhase section */
		1AFA6B7318561242003C622E /* Sources */ = {
			isa = PBXSourcesBuildPhase;
			buildActionMask = 2147483647;
			files = (
				1AFA6B9118561242003C622E /* ViewController.m in Sources */,
				1AFA6B8B18561242003C622E /* AppDelegate.m in Sources */,
				1AFA6B8718561242003C622E /* main.m in Sources */,
				1AFA6BB4185612AF003C622E /* PopUpViewController.m in Sources */,
			);
			runOnlyForDeploymentPostprocessing = 0;
		};
		1AFA6B9418561243003C622E /* Sources */ = {
			isa = PBXSourcesBuildPhase;
			buildActionMask = 2147483647;
			files = (
				1AFA6BA618561243003C622E /* NMPopUpViewTests.m in Sources */,
			);
			runOnlyForDeploymentPostprocessing = 0;
		};
/* End PBXSourcesBuildPhase section */

/* Begin PBXTargetDependency section */
		1AFA6B9E18561243003C622E /* PBXTargetDependency */ = {
			isa = PBXTargetDependency;
			target = 1AFA6B7618561242003C622E /* NMPopUpView */;
			targetProxy = 1AFA6B9D18561243003C622E /* PBXContainerItemProxy */;
		};
/* End PBXTargetDependency section */

/* Begin PBXVariantGroup section */
		1AFA6B8318561242003C622E /* InfoPlist.strings */ = {
			isa = PBXVariantGroup;
			children = (
				1AFA6B8418561242003C622E /* en */,
			);
			name = InfoPlist.strings;
			sourceTree = "<group>";
		};
		1AFA6B8C18561242003C622E /* Main.storyboard */ = {
			isa = PBXVariantGroup;
			children = (
				1AFA6B8D18561242003C622E /* Base */,
			);
			name = Main.storyboard;
			sourceTree = "<group>";
		};
		1AFA6BA218561243003C622E /* InfoPlist.strings */ = {
			isa = PBXVariantGroup;
			children = (
				1AFA6BA318561243003C622E /* en */,
			);
			name = InfoPlist.strings;
			sourceTree = "<group>";
		};
/* End PBXVariantGroup section */

/* Begin XCBuildConfiguration section */
		1AFA6BA718561243003C622E /* Debug */ = {
			isa = XCBuildConfiguration;
			buildSettings = {
				ALWAYS_SEARCH_USER_PATHS = NO;
				ARCHS = "$(ARCHS_STANDARD_INCLUDING_64_BIT)";
				CLANG_CXX_LANGUAGE_STANDARD = "gnu++0x";
				CLANG_CXX_LIBRARY = "libc++";
				CLANG_ENABLE_MODULES = YES;
				CLANG_ENABLE_OBJC_ARC = YES;
				CLANG_WARN_BOOL_CONVERSION = YES;
				CLANG_WARN_CONSTANT_CONVERSION = YES;
				CLANG_WARN_DIRECT_OBJC_ISA_USAGE = YES_ERROR;
				CLANG_WARN_EMPTY_BODY = YES;
				CLANG_WARN_ENUM_CONVERSION = YES;
				CLANG_WARN_INT_CONVERSION = YES;
				CLANG_WARN_OBJC_ROOT_CLASS = YES_ERROR;
				CLANG_WARN__DUPLICATE_METHOD_MATCH = YES;
				"CODE_SIGN_IDENTITY[sdk=iphoneos*]" = "iPhone Developer";
				COPY_PHASE_STRIP = NO;
				GCC_C_LANGUAGE_STANDARD = gnu99;
				GCC_DYNAMIC_NO_PIC = NO;
				GCC_OPTIMIZATION_LEVEL = 0;
				GCC_PREPROCESSOR_DEFINITIONS = (
					"DEBUG=1",
					"$(inherited)",
				);
				GCC_SYMBOLS_PRIVATE_EXTERN = NO;
				GCC_WARN_64_TO_32_BIT_CONVERSION = YES;
				GCC_WARN_ABOUT_RETURN_TYPE = YES_ERROR;
				GCC_WARN_UNDECLARED_SELECTOR = YES;
				GCC_WARN_UNINITIALIZED_AUTOS = YES;
				GCC_WARN_UNUSED_FUNCTION = YES;
				GCC_WARN_UNUSED_VARIABLE = YES;
				IPHONEOS_DEPLOYMENT_TARGET = 7.0;
				ONLY_ACTIVE_ARCH = YES;
				SDKROOT = iphoneos;
			};
			name = Debug;
		};
		1AFA6BA818561243003C622E /* Release */ = {
			isa = XCBuildConfiguration;
			buildSettings = {
				ALWAYS_SEARCH_USER_PATHS = NO;
				ARCHS = "$(ARCHS_STANDARD_INCLUDING_64_BIT)";
				CLANG_CXX_LANGUAGE_STANDARD = "gnu++0x";
				CLANG_CXX_LIBRARY = "libc++";
				CLANG_ENABLE_MODULES = YES;
				CLANG_ENABLE_OBJC_ARC = YES;
				CLANG_WARN_BOOL_CONVERSION = YES;
				CLANG_WARN_CONSTANT_CONVERSION = YES;
				CLANG_WARN_DIRECT_OBJC_ISA_USAGE = YES_ERROR;
				CLANG_WARN_EMPTY_BODY = YES;
				CLANG_WARN_ENUM_CONVERSION = YES;
				CLANG_WARN_INT_CONVERSION = YES;
				CLANG_WARN_OBJC_ROOT_CLASS = YES_ERROR;
				CLANG_WARN__DUPLICATE_METHOD_MATCH = YES;
				"CODE_SIGN_IDENTITY[sdk=iphoneos*]" = "iPhone Developer";
				COPY_PHASE_STRIP = YES;
				ENABLE_NS_ASSERTIONS = NO;
				GCC_C_LANGUAGE_STANDARD = gnu99;
				GCC_WARN_64_TO_32_BIT_CONVERSION = YES;
				GCC_WARN_ABOUT_RETURN_TYPE = YES_ERROR;
				GCC_WARN_UNDECLARED_SELECTOR = YES;
				GCC_WARN_UNINITIALIZED_AUTOS = YES;
				GCC_WARN_UNUSED_FUNCTION = YES;
				GCC_WARN_UNUSED_VARIABLE = YES;
				IPHONEOS_DEPLOYMENT_TARGET = 7.0;
				SDKROOT = iphoneos;
				VALIDATE_PRODUCT = YES;
			};
			name = Release;
		};
		1AFA6BAA18561243003C622E /* Debug */ = {
			isa = XCBuildConfiguration;
			buildSettings = {
				ASSETCATALOG_COMPILER_APPICON_NAME = AppIcon;
				ASSETCATALOG_COMPILER_LAUNCHIMAGE_NAME = LaunchImage;
				FRAMEWORK_SEARCH_PATHS = (
					"$(inherited)",
					"/Users/nikosma/Documents/GitHub\\ Projects/NMPopUpView",
				);
				GCC_PRECOMPILE_PREFIX_HEADER = YES;
				GCC_PREFIX_HEADER = "NMPopUpView/NMPopUpView-Prefix.pch";
				INFOPLIST_FILE = "NMPopUpView/NMPopUpView-Info.plist";
				IPHONEOS_DEPLOYMENT_TARGET = 7.0;
				PRODUCT_NAME = "$(TARGET_NAME)";
				TARGETED_DEVICE_FAMILY = "1,2";
				WRAPPER_EXTENSION = app;
			};
			name = Debug;
		};
		1AFA6BAB18561243003C622E /* Release */ = {
			isa = XCBuildConfiguration;
			buildSettings = {
				ASSETCATALOG_COMPILER_APPICON_NAME = AppIcon;
				ASSETCATALOG_COMPILER_LAUNCHIMAGE_NAME = LaunchImage;
				FRAMEWORK_SEARCH_PATHS = (
					"$(inherited)",
					"/Users/nikosma/Documents/GitHub\\ Projects/NMPopUpView",
				);
				GCC_PRECOMPILE_PREFIX_HEADER = YES;
				GCC_PREFIX_HEADER = "NMPopUpView/NMPopUpView-Prefix.pch";
				INFOPLIST_FILE = "NMPopUpView/NMPopUpView-Info.plist";
				IPHONEOS_DEPLOYMENT_TARGET = 7.0;
				PRODUCT_NAME = "$(TARGET_NAME)";
				TARGETED_DEVICE_FAMILY = "1,2";
				WRAPPER_EXTENSION = app;
			};
			name = Release;
		};
		1AFA6BAD18561243003C622E /* Debug */ = {
			isa = XCBuildConfiguration;
			buildSettings = {
				ARCHS = "$(ARCHS_STANDARD_INCLUDING_64_BIT)";
				BUNDLE_LOADER = "$(BUILT_PRODUCTS_DIR)/NMPopUpView.app/NMPopUpView";
				FRAMEWORK_SEARCH_PATHS = (
					"$(SDKROOT)/Developer/Library/Frameworks",
					"$(inherited)",
					"$(DEVELOPER_FRAMEWORKS_DIR)",
				);
				GCC_PRECOMPILE_PREFIX_HEADER = YES;
				GCC_PREFIX_HEADER = "NMPopUpView/NMPopUpView-Prefix.pch";
				GCC_PREPROCESSOR_DEFINITIONS = (
					"DEBUG=1",
					"$(inherited)",
				);
				INFOPLIST_FILE = "NMPopUpViewTests/NMPopUpViewTests-Info.plist";
				PRODUCT_NAME = "$(TARGET_NAME)";
				TEST_HOST = "$(BUNDLE_LOADER)";
				WRAPPER_EXTENSION = xctest;
			};
			name = Debug;
		};
		1AFA6BAE18561243003C622E /* Release */ = {
			isa = XCBuildConfiguration;
			buildSettings = {
				ARCHS = "$(ARCHS_STANDARD_INCLUDING_64_BIT)";
				BUNDLE_LOADER = "$(BUILT_PRODUCTS_DIR)/NMPopUpView.app/NMPopUpView";
				FRAMEWORK_SEARCH_PATHS = (
					"$(SDKROOT)/Developer/Library/Frameworks",
					"$(inherited)",
					"$(DEVELOPER_FRAMEWORKS_DIR)",
				);
				GCC_PRECOMPILE_PREFIX_HEADER = YES;
				GCC_PREFIX_HEADER = "NMPopUpView/NMPopUpView-Prefix.pch";
				INFOPLIST_FILE = "NMPopUpViewTests/NMPopUpViewTests-Info.plist";
				PRODUCT_NAME = "$(TARGET_NAME)";
				TEST_HOST = "$(BUNDLE_LOADER)";
				WRAPPER_EXTENSION = xctest;
			};
			name = Release;
		};
/* End XCBuildConfiguration section */

/* Begin XCConfigurationList section */
		1AFA6B7218561242003C622E /* Build configuration list for PBXProject "NMPopUpView" */ = {
			isa = XCConfigurationList;
			buildConfigurations = (
				1AFA6BA718561243003C622E /* Debug */,
				1AFA6BA818561243003C622E /* Release */,
			);
			defaultConfigurationIsVisible = 0;
			defaultConfigurationName = Release;
		};
		1AFA6BA918561243003C622E /* Build configuration list for PBXNativeTarget "NMPopUpView" */ = {
			isa = XCConfigurationList;
			buildConfigurations = (
				1AFA6BAA18561243003C622E /* Debug */,
				1AFA6BAB18561243003C622E /* Release */,
			);
			defaultConfigurationIsVisible = 0;
			defaultConfigurationName = Release;
		};
		1AFA6BAC18561243003C622E /* Build configuration list for PBXNativeTarget "NMPopUpViewTests" */ = {
			isa = XCConfigurationList;
			buildConfigurations = (
				1AFA6BAD18561243003C622E /* Debug */,
				1AFA6BAE18561243003C622E /* Release */,
			);
			defaultConfigurationIsVisible = 0;
			defaultConfigurationName = Release;
		};
/* End XCConfigurationList section */
	};
	rootObject = 1AFA6B6F18561242003C622E /* Project object */;
}
